
Microsoft Visual Studio Solution File, Format Version 12.00
# Visual Studio Version 16
VisualStudioVersion = 16.0.30413.136
MinimumVisualStudioVersion = 10.0.40219.1
Project("{FAE04EC0-301F-11D3-BF4B-00C04F79EFBC}") = "collectionViewHeader.Android", "collectionViewHeader\collectionViewHeader.Android\collectionViewHeader.Android.csproj", "{6F516A54-08F7-4917-8912-A0C612309389}"
EndProject
Project("{FAE04EC0-301F-11D3-BF4B-00C04F79EFBC}") = "collectionViewHeader.iOS", "collectionViewHeader\collectionViewHeader.iOS\collectionViewHeader.iOS.csproj", "{BB1E40FF-701B-4546-96C7-0172B4F59E5C}"
EndProject
Project("{FAE04EC0-301F-11D3-BF4B-00C04F79EFBC}") = "collectionViewHeader", "collectionViewHeader\collectionViewHeader\collectionViewHeader.csproj", "{30E344B5-B440-49AB-91DE-B8F655E7696D}"
EndProject
Global
	GlobalSection(SolutionConfigurationPlatforms) = preSolution
		Debug|Any CPU = Debug|Any CPU
		Debug|iPhone = Debug|iPhone
		Debug|iPhoneSimulator = Debug|iPhoneSimulator
		Release|Any CPU = Release|Any CPU
		Release|iPhone = Release|iPhone
		Release|iPhoneSimulator = Release|iPhoneSimulator
	EndGlobalSection
	GlobalSection(ProjectConfigurationPlatforms) = postSolution
		{6F516A54-08F7-4917-8912-A0C612309389}.Debug|Any CPU.ActiveCfg = Debug|Any CPU
		{6F516A54-08F7-4917-8912-A0C612309389}.Debug|Any CPU.Build.0 = Debug|Any CPU
		{6F516A54-08F7-4917-8912-A0C612309389}.Debug|Any CPU.Deploy.0 = Debug|Any CPU
		{6F516A54-08F7-4917-8912-A0C612309389}.Debug|iPhone.ActiveCfg = Debug|Any CPU
		{6F516A54-08F7-4917-8912-A0C612309389}.Debug|iPhone.Build.0 = Debug|Any CPU
		{6F516A54-08F7-4917-8912-A0C612309389}.Debug|iPhone.Deploy.0 = Debug|Any CPU
		{6F516A54-08F7-4917-8912-A0C612309389}.Debug|iPhoneSimulator.ActiveCfg = Debug|Any CPU
		{6F516A54-08F7-4917-8912-A0C612309389}.Debug|iPhoneSimulator.Build.0 = Debug|Any CPU
		{6F516A54-08F7-4917-8912-A0C612309389}.Debug|iPhoneSimulator.Deploy.0 = Debug|Any CPU
		{6F516A54-08F7-4917-8912-A0C612309389}.Release|Any CPU.ActiveCfg = Release|Any CPU
		{6F516A54-08F7-4917-8912-A0C612309389}.Release|Any CPU.Build.0 = Release|Any CPU
		{6F516A54-08F7-4917-8912-A0C612309389}.Release|Any CPU.Deploy.0 = Release|Any CPU
		{6F516A54-08F7-4917-8912-A0C612309389}.Release|iPhone.ActiveCfg = Release|Any CPU
		{6F516A54-08F7-4917-8912-A0C612309389}.Release|iPhone.Build.0 = Release|Any CPU
		{6F516A54-08F7-4917-8912-A0C612309389}.Release|iPhone.Deploy.0 = Release|Any CPU
		{6F516A54-08F7-4917-8912-A0C612309389}.Release|iPhoneSimulator.ActiveCfg = Release|Any CPU
		{6F516A54-08F7-4917-8912-A0C612309389}.Release|iPhoneSimulator.Build.0 = Release|Any CPU
		{6F516A54-08F7-4917-8912-A0C612309389}.Release|iPhoneSimulator.Deploy.0 = Release|Any CPU
		{BB1E40FF-701B-4546-96C7-0172B4F59E5C}.Debug|Any CPU.ActiveCfg = Debug|iPhone
		{BB1E40FF-701B-4546-96C7-0172B4F59E5C}.Debug|Any CPU.Build.0 = Debug|iPhone
		{BB1E40FF-701B-4546-96C7-0172B4F59E5C}.Debug|Any CPU.Deploy.0 = Debug|iPhone
		{BB1E40FF-701B-4546-96C7-0172B4F59E5C}.Debug|iPhone.ActiveCfg = Debug|iPhone
		{BB1E40FF-701B-4546-96C7-0172B4F59E5C}.Debug|iPhone.Build.0 = Debug|iPhone
		{BB1E40FF-701B-4546-96C7-0172B4F59E5C}.Debug|iPhone.Deploy.0 = Debug|iPhone
		{BB1E40FF-701B-4546-96C7-0172B4F59E5C}.Debug|iPhoneSimulator.ActiveCfg = Debug|iPhoneSimulator
		{BB1E40FF-701B-4546-96C7-0172B4F59E5C}.Debug|iPhoneSimulator.Build.0 = Debug|iPhoneSimulator
		{BB1E40FF-701B-4546-96C7-0172B4F59E5C}.Debug|iPhoneSimulator.Deploy.0 = Debug|iPhoneSimulator
		{BB1E40FF-701B-4546-96C7-0172B4F59E5C}.Release|Any CPU.ActiveCfg = Release|iPhone
		{BB1E40FF-701B-4546-96C7-0172B4F59E5C}.Release|Any CPU.Build.0 = Release|iPhone
		{BB1E40FF-701B-4546-96C7-0172B4F59E5C}.Release|Any CPU.Deploy.0 = Release|iPhone
		{BB1E40FF-701B-4546-96C7-0172B4F59E5C}.Release|iPhone.ActiveCfg = Release|iPhone
		{BB1E40FF-701B-4546-96C7-0172B4F59E5C}.Release|iPhone.Build.0 = Release|iPhone
		{BB1E40FF-701B-4546-96C7-0172B4F59E5C}.Release|iPhone.Deploy.0 = Release|iPhone
		{BB1E40FF-701B-4546-96C7-0172B4F59E5C}.Release|iPhoneSimulator.ActiveCfg = Release|iPhoneSimulator
		{BB1E40FF-701B-4546-96C7-0172B4F59E5C}.Release|iPhoneSimulator.Build.0 = Release|iPhoneSimulator
		{BB1E40FF-701B-4546-96C7-0172B4F59E5C}.Release|iPhoneSimulator.Deploy.0 = Release|iPhoneSimulator
		{30E344B5-B440-49AB-91DE-B8F655E7696D}.Debug|Any CPU.ActiveCfg = Debug|Any CPU
		{30E344B5-B440-49AB-91DE-B8F655E7696D}.Debug|Any CPU.Build.0 = Debug|Any CPU
		{30E344B5-B440-49AB-91DE-B8F655E7696D}.Debug|Any CPU.Deploy.0 = Debug|Any CPU
		{30E344B5-B440-49AB-91DE-B8F655E7696D}.Debug|iPhone.ActiveCfg = Debug|Any CPU
		{30E344B5-B440-49AB-91DE-B8F655E7696D}.Debug|iPhone.Build.0 = Debug|Any CPU
		{30E344B5-B440-49AB-91DE-B8F655E7696D}.Debug|iPhone.Deploy.0 = Debug|Any CPU
		{30E344B5-B440-49AB-91DE-B8F655E7696D}.Debug|iPhoneSimulator.ActiveCfg = Debug|Any CPU
		{30E344B5-B440-49AB-91DE-B8F655E7696D}.Debug|iPhoneSimulator.Build.0 = Debug|Any CPU
		{30E344B5-B440-49AB-91DE-B8F655E7696D}.Debug|iPhoneSimulator.Deploy.0 = Debug|Any CPU
		{30E344B5-B440-49AB-91DE-B8F655E7696D}.Release|Any CPU.ActiveCfg = Release|Any CPU
		{30E344B5-B440-49AB-91DE-B8F655E7696D}.Release|Any CPU.Build.0 = Release|Any CPU
		{30E344B5-B440-49AB-91DE-B8F655E7696D}.Release|Any CPU.Deploy.0 = Release|Any CPU
		{30E344B5-B440-49AB-91DE-B8F655E7696D}.Release|iPhone.ActiveCfg = Release|Any CPU
		{30E344B5-B440-49AB-91DE-B8F655E7696D}.Release|iPhone.Build.0 = Release|Any CPU
		{30E344B5-B440-49AB-91DE-B8F655E7696D}.Release|iPhone.Deploy.0 = Release|Any CPU
		{30E344B5-B440-49AB-91DE-B8F655E7696D}.Release|iPhoneSimulator.ActiveCfg = Release|Any CPU
		{30E344B5-B440-49AB-91DE-B8F655E7696D}.Release|iPhoneSimulator.Build.0 = Release|Any CPU
		{30E344B5-B440-49AB-91DE-B8F655E7696D}.Release|iPhoneSimulator.Deploy.0 = Release|Any CPU
	EndGlobalSection
	GlobalSection(SolutionProperties) = preSolution
		HideSolutionNode = FALSE
	EndGlobalSection
	GlobalSection(ExtensibilityGlobals) = postSolution
		SolutionGuid = {2F2278AD-A0A2-4B21-AC2C-B096880A8A15}
	EndGlobalSection
EndGlobal
